# THIS IS AN AUTOGENERATED FILE. DO NOT EDIT THIS FILE DIRECTLY.
# yarn lockfile v1


"@satachito/jp-tree@^0.9.1":
  version "0.9.1"
  resolved "https://registry.yarnpkg.com/@satachito/jp-tree/-/jp-tree-0.9.1.tgz#73a014ae6f372694a74b9d1ee6c85106c12289b1"
  integrity sha512-ZVOGsfNUPrJ9PuIvCFpccEpUzYe0Wr7KdUDwSx/kuT8QpV/xN/qKfMpM4H2t3sTaK27NszcO3AeoVc3hmeTJ4w==
